<?xml version="1.0" encoding="utf-8"?>
<Project ToolsVersion="4.0" xmlns="http://schemas.microsoft.com/developer/msbuild/2003">
  <ItemGroup>
    <Filter Include="src">
      <UniqueIdentifier>{a471f701-0e6a-4004-b161-ca280a2be93a}</UniqueIdentifier>
    </Filter>
    <Filter Include="src\vm">
      <UniqueIdentifier>{f5eb0eee-f070-4775-8d48-90cef3473e3b}</UniqueIdentifier>
    </Filter>
    <Filter Include="src\io">
      <UniqueIdentifier>{b05b286e-5e6e-4a96-9f06-fcbcf3fd06c0}</UniqueIdentifier>
    </Filter>
    <Filter Include="src\lua">
      <UniqueIdentifier>{2368e1b6-dcbf-4a03-9ec7-31a181f8f28a}</UniqueIdentifier>
    </Filter>
    <Filter Include="src\libretro">
      <UniqueIdentifier>{84f3008f-35b1-4fc8-a328-0386a6107d2b}</UniqueIdentifier>
    </Filter>
    <Filter Include="src\gen">
      <UniqueIdentifier>{29585708-f023-42b3-ab4f-f94a5094a00a}</UniqueIdentifier>
    </Filter>
  </ItemGroup>
  <ItemGroup>
    <ClCompile Include="..\..\..\src\vm\gfx.cpp">
      <Filter>src\vm</Filter>
    </ClCompile>
    <ClCompile Include="..\..\..\src\vm\lua_bridge.cpp">
      <Filter>src\vm</Filter>
    </ClCompile>
    <ClCompile Include="..\..\..\src\vm\machine.cpp">
      <Filter>src\vm</Filter>
    </ClCompile>
    <ClCompile Include="..\..\..\src\vm\memory.cpp">
      <Filter>src\vm</Filter>
    </ClCompile>
    <ClCompile Include="..\..\..\src\vm\sound.cpp">
      <Filter>src\vm</Filter>
    </ClCompile>
    <ClCompile Include="..\..\..\src\io\loader.cpp">
      <Filter>src\io</Filter>
    </ClCompile>
    <ClCompile Include="..\..\..\src\io\stegano.cpp">
      <Filter>src\io</Filter>
    </ClCompile>
    <ClCompile Include="..\..\..\src\lua\lapi.c">
      <Filter>src\lua</Filter>
    </ClCompile>
    <ClCompile Include="..\..\..\src\lua\lauxlib.c">
      <Filter>src\lua</Filter>
    </ClCompile>
    <ClCompile Include="..\..\..\src\lua\lbaselib.c">
      <Filter>src\lua</Filter>
    </ClCompile>
    <ClCompile Include="..\..\..\src\lua\lbitlib.c">
      <Filter>src\lua</Filter>
    </ClCompile>
    <ClCompile Include="..\..\..\src\lua\lcode.c">
      <Filter>src\lua</Filter>
    </ClCompile>
    <ClCompile Include="..\..\..\src\lua\lcorolib.c">
      <Filter>src\lua</Filter>
    </ClCompile>
    <ClCompile Include="..\..\..\src\lua\lctype.c">
      <Filter>src\lua</Filter>
    </ClCompile>
    <ClCompile Include="..\..\..\src\lua\ldblib.c">
      <Filter>src\lua</Filter>
    </ClCompile>
    <ClCompile Include="..\..\..\src\lua\ldebug.c">
      <Filter>src\lua</Filter>
    </ClCompile>
    <ClCompile Include="..\..\..\src\lua\ldo.c">
      <Filter>src\lua</Filter>
    </ClCompile>
    <ClCompile Include="..\..\..\src\lua\ldump.c">
      <Filter>src\lua</Filter>
    </ClCompile>
    <ClCompile Include="..\..\..\src\lua\lfunc.c">
      <Filter>src\lua</Filter>
    </ClCompile>
    <ClCompile Include="..\..\..\src\lua\lgc.c">
      <Filter>src\lua</Filter>
    </ClCompile>
    <ClCompile Include="..\..\..\src\lua\linit.c">
      <Filter>src\lua</Filter>
    </ClCompile>
    <ClCompile Include="..\..\..\src\lua\liolib.c">
      <Filter>src\lua</Filter>
    </ClCompile>
    <ClCompile Include="..\..\..\src\lua\llex.c">
      <Filter>src\lua</Filter>
    </ClCompile>
    <ClCompile Include="..\..\..\src\lua\lmathlib.c">
      <Filter>src\lua</Filter>
    </ClCompile>
    <ClCompile Include="..\..\..\src\lua\lmem.c">
      <Filter>src\lua</Filter>
    </ClCompile>
    <ClCompile Include="..\..\..\src\lua\loadlib.c">
      <Filter>src\lua</Filter>
    </ClCompile>
    <ClCompile Include="..\..\..\src\lua\lobject.c">
      <Filter>src\lua</Filter>
    </ClCompile>
    <ClCompile Include="..\..\..\src\lua\lopcodes.c">
      <Filter>src\lua</Filter>
    </ClCompile>
    <ClCompile Include="..\..\..\src\lua\loslib.c">
      <Filter>src\lua</Filter>
    </ClCompile>
    <ClCompile Include="..\..\..\src\lua\lparser.c">
      <Filter>src\lua</Filter>
    </ClCompile>
    <ClCompile Include="..\..\..\src\lua\lstate.c">
      <Filter>src\lua</Filter>
    </ClCompile>
    <ClCompile Include="..\..\..\src\lua\lstring.c">
      <Filter>src\lua</Filter>
    </ClCompile>
    <ClCompile Include="..\..\..\src\lua\lstrlib.c">
      <Filter>src\lua</Filter>
    </ClCompile>
    <ClCompile Include="..\..\..\src\lua\ltable.c">
      <Filter>src\lua</Filter>
    </ClCompile>
    <ClCompile Include="..\..\..\src\lua\ltablib.c">
      <Filter>src\lua</Filter>
    </ClCompile>
    <ClCompile Include="..\..\..\src\lua\ltests.c">
      <Filter>src\lua</Filter>
    </ClCompile>
    <ClCompile Include="..\..\..\src\lua\ltm.c">
      <Filter>src\lua</Filter>
    </ClCompile>
    <ClCompile Include="..\..\..\src\lua\lundump.c">
      <Filter>src\lua</Filter>
    </ClCompile>
    <ClCompile Include="..\..\..\src\lua\lutf8lib.c">
      <Filter>src\lua</Filter>
    </ClCompile>
    <ClCompile Include="..\..\..\src\lua\lvm.c">
      <Filter>src\lua</Filter>
    </ClCompile>
    <ClCompile Include="..\..\..\src\lua\lzio.c">
      <Filter>src\lua</Filter>
    </ClCompile>
    <ClCompile Include="..\..\..\src\libretro\libretro.cpp">
      <Filter>src\libretro</Filter>
    </ClCompile>
    <ClCompile Include="..\..\..\src\io\picopng.cpp">
      <Filter>src\io</Filter>
    </ClCompile>
  </ItemGroup>
  <ItemGroup>
    <ClInclude Include="..\..\..\src\common.h">
      <Filter>src</Filter>
    </ClInclude>
    <ClInclude Include="..\..\..\src\vm\defines.h">
      <Filter>src\vm</Filter>
    </ClInclude>
    <ClInclude Include="..\..\..\src\vm\gfx.h">
      <Filter>src\vm</Filter>
    </ClInclude>
    <ClInclude Include="..\..\..\src\vm\lua_bridge.h">
      <Filter>src\vm</Filter>
    </ClInclude>
    <ClInclude Include="..\..\..\src\vm\machine.h">
      <Filter>src\vm</Filter>
    </ClInclude>
    <ClInclude Include="..\..\..\src\vm\memory.h">
      <Filter>src\vm</Filter>
    </ClInclude>
    <ClInclude Include="..\..\..\src\vm\sound.h">
      <Filter>src\vm</Filter>
    </ClInclude>
    <ClInclude Include="..\..\..\src\io\loader.h">
      <Filter>src\io</Filter>
    </ClInclude>
    <ClInclude Include="..\..\..\src\io\stegano.h">
      <Filter>src\io</Filter>
    </ClInclude>
    <ClInclude Include="..\..\..\src\lua\lapi.h">
      <Filter>src\lua</Filter>
    </ClInclude>
    <ClInclude Include="..\..\..\src\lua\lauxlib.h">
      <Filter>src\lua</Filter>
    </ClInclude>
    <ClInclude Include="..\..\..\src\lua\lcode.h">
      <Filter>src\lua</Filter>
    </ClInclude>
    <ClInclude Include="..\..\..\src\lua\lctype.h">
      <Filter>src\lua</Filter>
    </ClInclude>
    <ClInclude Include="..\..\..\src\lua\ldebug.h">
      <Filter>src\lua</Filter>
    </ClInclude>
    <ClInclude Include="..\..\..\src\lua\ldo.h">
      <Filter>src\lua</Filter>
    </ClInclude>
    <ClInclude Include="..\..\..\src\lua\lfunc.h">
      <Filter>src\lua</Filter>
    </ClInclude>
    <ClInclude Include="..\..\..\src\lua\lgc.h">
      <Filter>src\lua</Filter>
    </ClInclude>
    <ClInclude Include="..\..\..\src\lua\llex.h">
      <Filter>src\lua</Filter>
    </ClInclude>
    <ClInclude Include="..\..\..\src\lua\llimits.h">
      <Filter>src\lua</Filter>
    </ClInclude>
    <ClInclude Include="..\..\..\src\lua\lmem.h">
      <Filter>src\lua</Filter>
    </ClInclude>
    <ClInclude Include="..\..\..\src\lua\lobject.h">
      <Filter>src\lua</Filter>
    </ClInclude>
    <ClInclude Include="..\..\..\src\lua\lopcodes.h">
      <Filter>src\lua</Filter>
    </ClInclude>
    <ClInclude Include="..\..\..\src\lua\lparser.h">
      <Filter>src\lua</Filter>
    </ClInclude>
    <ClInclude Include="..\..\..\src\lua\lprefix.h">
      <Filter>src\lua</Filter>
    </ClInclude>
    <ClInclude Include="..\..\..\src\lua\lstate.h">
      <Filter>src\lua</Filter>
    </ClInclude>
    <ClInclude Include="..\..\..\src\lua\lstring.h">
      <Filter>src\lua</Filter>
    </ClInclude>
    <ClInclude Include="..\..\..\src\lua\ltable.h">
      <Filter>src\lua</Filter>
    </ClInclude>
    <ClInclude Include="..\..\..\src\lua\ltests.h">
      <Filter>src\lua</Filter>
    </ClInclude>
    <ClInclude Include="..\..\..\src\lua\ltm.h">
      <Filter>src\lua</Filter>
    </ClInclude>
    <ClInclude Include="..\..\..\src\lua\lua.h">
      <Filter>src\lua</Filter>
    </ClInclude>
    <ClInclude Include="..\..\..\src\lua\lua.hpp">
      <Filter>src\lua</Filter>
    </ClInclude>
    <ClInclude Include="..\..\..\src\lua\luaconf.h">
      <Filter>src\lua</Filter>
    </ClInclude>
    <ClInclude Include="..\..\..\src\lua\lualib.h">
      <Filter>src\lua</Filter>
    </ClInclude>
    <ClInclude Include="..\..\..\src\lua\lundump.h">
      <Filter>src\lua</Filter>
    </ClInclude>
    <ClInclude Include="..\..\..\src\lua\lvm.h">
      <Filter>src\lua</Filter>
    </ClInclude>
    <ClInclude Include="..\..\..\src\lua\lzio.h">
      <Filter>src\lua</Filter>
    </ClInclude>
    <ClInclude Include="..\..\..\src\libretro\libretro.h">
      <Filter>src\libretro</Filter>
    </ClInclude>
    <ClInclude Include="..\..\..\src\vm\lua_api.h">
      <Filter>src\vm</Filter>
    </ClInclude>
    <ClInclude Include="..\..\..\src\vm\pico_font.h">
      <Filter>src\vm</Filter>
    </ClInclude>
    <ClInclude Include="..\..\..\src\vm\input.h">
      <Filter>src\vm</Filter>
    </ClInclude>
    <ClInclude Include="..\..\..\src\gen\lua_api.h">
      <Filter>src\gen</Filter>
    </ClInclude>
    <ClInclude Include="..\..\..\src\gen\pico_font.h">
      <Filter>src\gen</Filter>
    </ClInclude>
    <ClInclude Include="..\..\..\src\config.h">
      <Filter>src</Filter>
    </ClInclude>
  </ItemGroup>
</Project>