<?xml version="1.0" encoding="utf-8"?>
<Project ToolsVersion="4.0" xmlns="http://schemas.microsoft.com/developer/msbuild/2003">
  <ItemGroup>
    <Filter Include="src">
      <UniqueIdentifier>{3f009d6b-1e09-4eeb-a437-a4a81b3ab9f9}</UniqueIdentifier>
    </Filter>
    <Filter Include="src\views">
      <UniqueIdentifier>{27152753-2e36-4acb-81f1-c3410bd2a257}</UniqueIdentifier>
    </Filter>
    <Filter Include="src\vm">
      <UniqueIdentifier>{6e666e1e-d48a-4580-bc53-58b7673c2cfd}</UniqueIdentifier>
    </Filter>
    <Filter Include="src\io">
      <UniqueIdentifier>{191051b8-b13d-4e65-a79b-12a98cfc6288}</UniqueIdentifier>
    </Filter>
    <Filter Include="src\test">
      <UniqueIdentifier>{91c70d3b-3da5-4d36-9075-f3004a94a914}</UniqueIdentifier>
    </Filter>
    <Filter Include="src\lua">
      <UniqueIdentifier>{b501b260-9d32-44c3-8fa8-7ea19ecaa1c6}</UniqueIdentifier>
    </Filter>
    <Filter Include="src\gen">
      <UniqueIdentifier>{fae37348-b6e8-4580-a006-48440daab96a}</UniqueIdentifier>
    </Filter>
  </ItemGroup>
  <ItemGroup>
    <ClInclude Include="..\..\..\src\common.h">
      <Filter>src</Filter>
    </ClInclude>
    <ClInclude Include="..\..\..\src\views\view_manager.h">
      <Filter>src\views</Filter>
    </ClInclude>
    <ClInclude Include="..\..\..\src\views\main_view.h">
      <Filter>src\views</Filter>
    </ClInclude>
    <ClInclude Include="..\..\..\src\vm\machine.h">
      <Filter>src\vm</Filter>
    </ClInclude>
    <ClInclude Include="..\..\..\src\vm\gfx.h">
      <Filter>src\vm</Filter>
    </ClInclude>
    <ClInclude Include="..\..\..\src\vm\defines.h">
      <Filter>src\vm</Filter>
    </ClInclude>
    <ClInclude Include="..\..\..\src\vm\lua_bridge.h">
      <Filter>src\vm</Filter>
    </ClInclude>
    <ClInclude Include="..\..\..\src\io\loader.h">
      <Filter>src\io</Filter>
    </ClInclude>
    <ClInclude Include="..\..\..\src\test\catch.hpp">
      <Filter>src\test</Filter>
    </ClInclude>
    <ClInclude Include="..\..\..\src\lua\lcode.h">
      <Filter>src\lua</Filter>
    </ClInclude>
    <ClInclude Include="..\..\..\src\lua\lctype.h">
      <Filter>src\lua</Filter>
    </ClInclude>
    <ClInclude Include="..\..\..\src\lua\ldebug.h">
      <Filter>src\lua</Filter>
    </ClInclude>
    <ClInclude Include="..\..\..\src\lua\ldo.h">
      <Filter>src\lua</Filter>
    </ClInclude>
    <ClInclude Include="..\..\..\src\lua\lfunc.h">
      <Filter>src\lua</Filter>
    </ClInclude>
    <ClInclude Include="..\..\..\src\lua\lgc.h">
      <Filter>src\lua</Filter>
    </ClInclude>
    <ClInclude Include="..\..\..\src\lua\llex.h">
      <Filter>src\lua</Filter>
    </ClInclude>
    <ClInclude Include="..\..\..\src\lua\llimits.h">
      <Filter>src\lua</Filter>
    </ClInclude>
    <ClInclude Include="..\..\..\src\lua\lmem.h">
      <Filter>src\lua</Filter>
    </ClInclude>
    <ClInclude Include="..\..\..\src\lua\lobject.h">
      <Filter>src\lua</Filter>
    </ClInclude>
    <ClInclude Include="..\..\..\src\lua\lopcodes.h">
      <Filter>src\lua</Filter>
    </ClInclude>
    <ClInclude Include="..\..\..\src\lua\lparser.h">
      <Filter>src\lua</Filter>
    </ClInclude>
    <ClInclude Include="..\..\..\src\lua\lprefix.h">
      <Filter>src\lua</Filter>
    </ClInclude>
    <ClInclude Include="..\..\..\src\lua\lstate.h">
      <Filter>src\lua</Filter>
    </ClInclude>
    <ClInclude Include="..\..\..\src\lua\lstring.h">
      <Filter>src\lua</Filter>
    </ClInclude>
    <ClInclude Include="..\..\..\src\lua\ltable.h">
      <Filter>src\lua</Filter>
    </ClInclude>
    <ClInclude Include="..\..\..\src\lua\ltests.h">
      <Filter>src\lua</Filter>
    </ClInclude>
    <ClInclude Include="..\..\..\src\lua\ltm.h">
      <Filter>src\lua</Filter>
    </ClInclude>
    <ClInclude Include="..\..\..\src\lua\lua.h">
      <Filter>src\lua</Filter>
    </ClInclude>
    <ClInclude Include="..\..\..\src\lua\luaconf.h">
      <Filter>src\lua</Filter>
    </ClInclude>
    <ClInclude Include="..\..\..\src\lua\lualib.h">
      <Filter>src\lua</Filter>
    </ClInclude>
    <ClInclude Include="..\..\..\src\lua\lundump.h">
      <Filter>src\lua</Filter>
    </ClInclude>
    <ClInclude Include="..\..\..\src\lua\lvm.h">
      <Filter>src\lua</Filter>
    </ClInclude>
    <ClInclude Include="..\..\..\src\lua\lzio.h">
      <Filter>src\lua</Filter>
    </ClInclude>
    <ClInclude Include="..\..\..\src\lua\lapi.h">
      <Filter>src\lua</Filter>
    </ClInclude>
    <ClInclude Include="..\..\..\src\lua\lauxlib.h">
      <Filter>src\lua</Filter>
    </ClInclude>
    <ClInclude Include="..\..\..\src\lua\lua.hpp">
      <Filter>src\lua</Filter>
    </ClInclude>
    <ClInclude Include="..\..\..\src\vm\sound.h">
      <Filter>src\vm</Filter>
    </ClInclude>
    <ClInclude Include="..\..\..\src\io\stegano.h">
      <Filter>src\io</Filter>
    </ClInclude>
    <ClInclude Include="..\..\..\src\vm\memory.h">
      <Filter>src\vm</Filter>
    </ClInclude>
    <ClInclude Include="..\..\..\src\vm\lua_api.h">
      <Filter>src\vm</Filter>
    </ClInclude>
    <ClInclude Include="..\..\..\src\vm\pico_font.h">
      <Filter>src\vm</Filter>
    </ClInclude>
    <ClInclude Include="..\..\..\src\vm\input.h">
      <Filter>src\vm</Filter>
    </ClInclude>
    <ClInclude Include="..\..\..\src\views\sdl_helper.h">
      <Filter>src\views</Filter>
    </ClInclude>
    <ClInclude Include="..\..\..\src\gen\pico_font.h">
      <Filter>src\gen</Filter>
    </ClInclude>
    <ClInclude Include="..\..\..\src\gen\lua_api.h">
      <Filter>src\gen</Filter>
    </ClInclude>
    <ClInclude Include="..\..\..\src\views\sdl_impl.h">
      <Filter>src\views</Filter>
    </ClInclude>
    <ClInclude Include="..\..\..\src\config.h">
      <Filter>src</Filter>
    </ClInclude>
  </ItemGroup>
  <ItemGroup>
    <ClCompile Include="..\..\..\src\main.cpp">
      <Filter>src</Filter>
    </ClCompile>
    <ClCompile Include="..\..\..\src\views\view_manager.cpp">
      <Filter>src\views</Filter>
    </ClCompile>
    <ClCompile Include="..\..\..\src\vm\machine.cpp">
      <Filter>src\vm</Filter>
    </ClCompile>
    <ClCompile Include="..\..\..\src\vm\gfx.cpp">
      <Filter>src\vm</Filter>
    </ClCompile>
    <ClCompile Include="..\..\..\src\vm\lua_bridge.cpp">
      <Filter>src\vm</Filter>
    </ClCompile>
    <ClCompile Include="..\..\..\src\io\loader.cpp">
      <Filter>src\io</Filter>
    </ClCompile>
    <ClCompile Include="..\..\..\src\test\test.cpp">
      <Filter>src\test</Filter>
    </ClCompile>
    <ClCompile Include="..\..\..\src\views\game_view.cpp">
      <Filter>src\views</Filter>
    </ClCompile>
    <ClCompile Include="..\..\..\src\lua\lcorolib.c">
      <Filter>src\lua</Filter>
    </ClCompile>
    <ClCompile Include="..\..\..\src\lua\lctype.c">
      <Filter>src\lua</Filter>
    </ClCompile>
    <ClCompile Include="..\..\..\src\lua\ldblib.c">
      <Filter>src\lua</Filter>
    </ClCompile>
    <ClCompile Include="..\..\..\src\lua\ldebug.c">
      <Filter>src\lua</Filter>
    </ClCompile>
    <ClCompile Include="..\..\..\src\lua\ldo.c">
      <Filter>src\lua</Filter>
    </ClCompile>
    <ClCompile Include="..\..\..\src\lua\ldump.c">
      <Filter>src\lua</Filter>
    </ClCompile>
    <ClCompile Include="..\..\..\src\lua\lfunc.c">
      <Filter>src\lua</Filter>
    </ClCompile>
    <ClCompile Include="..\..\..\src\lua\lgc.c">
      <Filter>src\lua</Filter>
    </ClCompile>
    <ClCompile Include="..\..\..\src\lua\linit.c">
      <Filter>src\lua</Filter>
    </ClCompile>
    <ClCompile Include="..\..\..\src\lua\liolib.c">
      <Filter>src\lua</Filter>
    </ClCompile>
    <ClCompile Include="..\..\..\src\lua\llex.c">
      <Filter>src\lua</Filter>
    </ClCompile>
    <ClCompile Include="..\..\..\src\lua\lmem.c">
      <Filter>src\lua</Filter>
    </ClCompile>
    <ClCompile Include="..\..\..\src\lua\loadlib.c">
      <Filter>src\lua</Filter>
    </ClCompile>
    <ClCompile Include="..\..\..\src\lua\lobject.c">
      <Filter>src\lua</Filter>
    </ClCompile>
    <ClCompile Include="..\..\..\src\lua\lopcodes.c">
      <Filter>src\lua</Filter>
    </ClCompile>
    <ClCompile Include="..\..\..\src\lua\loslib.c">
      <Filter>src\lua</Filter>
    </ClCompile>
    <ClCompile Include="..\..\..\src\lua\lparser.c">
      <Filter>src\lua</Filter>
    </ClCompile>
    <ClCompile Include="..\..\..\src\lua\lstate.c">
      <Filter>src\lua</Filter>
    </ClCompile>
    <ClCompile Include="..\..\..\src\lua\lstring.c">
      <Filter>src\lua</Filter>
    </ClCompile>
    <ClCompile Include="..\..\..\src\lua\lstrlib.c">
      <Filter>src\lua</Filter>
    </ClCompile>
    <ClCompile Include="..\..\..\src\lua\ltable.c">
      <Filter>src\lua</Filter>
    </ClCompile>
    <ClCompile Include="..\..\..\src\lua\ltablib.c">
      <Filter>src\lua</Filter>
    </ClCompile>
    <ClCompile Include="..\..\..\src\lua\ltests.c">
      <Filter>src\lua</Filter>
    </ClCompile>
    <ClCompile Include="..\..\..\src\lua\ltm.c">
      <Filter>src\lua</Filter>
    </ClCompile>
    <ClCompile Include="..\..\..\src\lua\lundump.c">
      <Filter>src\lua</Filter>
    </ClCompile>
    <ClCompile Include="..\..\..\src\lua\lutf8lib.c">
      <Filter>src\lua</Filter>
    </ClCompile>
    <ClCompile Include="..\..\..\src\lua\lvm.c">
      <Filter>src\lua</Filter>
    </ClCompile>
    <ClCompile Include="..\..\..\src\lua\lzio.c">
      <Filter>src\lua</Filter>
    </ClCompile>
    <ClCompile Include="..\..\..\src\lua\lapi.c">
      <Filter>src\lua</Filter>
    </ClCompile>
    <ClCompile Include="..\..\..\src\lua\lauxlib.c">
      <Filter>src\lua</Filter>
    </ClCompile>
    <ClCompile Include="..\..\..\src\lua\lbaselib.c">
      <Filter>src\lua</Filter>
    </ClCompile>
    <ClCompile Include="..\..\..\src\lua\lbitlib.c">
      <Filter>src\lua</Filter>
    </ClCompile>
    <ClCompile Include="..\..\..\src\lua\lcode.c">
      <Filter>src\lua</Filter>
    </ClCompile>
    <ClCompile Include="..\..\..\src\lua\lmathlib.c">
      <Filter>src\lua</Filter>
    </ClCompile>
    <ClCompile Include="..\..\..\src\vm\sound.cpp">
      <Filter>src\vm</Filter>
    </ClCompile>
    <ClCompile Include="..\..\..\src\io\stegano.cpp">
      <Filter>src\io</Filter>
    </ClCompile>
    <ClCompile Include="..\..\..\src\vm\memory.cpp">
      <Filter>src\vm</Filter>
    </ClCompile>
    <ClCompile Include="..\..\..\src\views\menu_view.cpp">
      <Filter>src\views</Filter>
    </ClCompile>
    <ClCompile Include="..\..\..\src\io\picopng.cpp">
      <Filter>src\io</Filter>
    </ClCompile>
  </ItemGroup>
</Project>