
Microsoft Visual Studio Solution File, Format Version 12.00
# Visual Studio 15
VisualStudioVersion = 15.0.28307.421
MinimumVisualStudioVersion = 10.0.40219.1
Project("{8BC9CEB8-8B4A-11D0-8D11-00A0C91BC942}") = "retro8", "retro8.vcxproj", "{9834F81E-B512-4925-ADA7-746E485735D1}"
EndProject
Project("{8BC9CEB8-8B4A-11D0-8D11-00A0C91BC942}") = "libretro", "libretro.vcxproj", "{0E0E60BF-5A2C-4690-9E9A-6990DA1715B4}"
EndProject
Project("{8BC9CEB8-8B4A-11D0-8D11-00A0C91BC942}") = "retro8-sdl1.2", "retro8-sdl1.2.vcxproj", "{6AA50535-4009-46CB-9B64-9624BC3F9169}"
EndProject
Global
	GlobalSection(SolutionConfigurationPlatforms) = preSolution
		Debug|x64 = Debug|x64
		Release|x64 = Release|x64
	EndGlobalSection
	GlobalSection(ProjectConfigurationPlatforms) = postSolution
		{9834F81E-B512-4925-ADA7-746E485735D1}.Debug|x64.ActiveCfg = Debug|x64
		{9834F81E-B512-4925-ADA7-746E485735D1}.Debug|x64.Build.0 = Debug|x64
		{9834F81E-B512-4925-ADA7-746E485735D1}.Release|x64.ActiveCfg = Release|x64
		{9834F81E-B512-4925-ADA7-746E485735D1}.Release|x64.Build.0 = Release|x64
		{0E0E60BF-5A2C-4690-9E9A-6990DA1715B4}.Debug|x64.ActiveCfg = Debug|x64
		{0E0E60BF-5A2C-4690-9E9A-6990DA1715B4}.Debug|x64.Build.0 = Debug|x64
		{0E0E60BF-5A2C-4690-9E9A-6990DA1715B4}.Release|x64.ActiveCfg = Release|x64
		{0E0E60BF-5A2C-4690-9E9A-6990DA1715B4}.Release|x64.Build.0 = Release|x64
		{6AA50535-4009-46CB-9B64-9624BC3F9169}.Debug|x64.ActiveCfg = Debug|x64
		{6AA50535-4009-46CB-9B64-9624BC3F9169}.Debug|x64.Build.0 = Debug|x64
		{6AA50535-4009-46CB-9B64-9624BC3F9169}.Release|x64.ActiveCfg = Release|x64
		{6AA50535-4009-46CB-9B64-9624BC3F9169}.Release|x64.Build.0 = Release|x64
	EndGlobalSection
	GlobalSection(SolutionProperties) = preSolution
		HideSolutionNode = FALSE
	EndGlobalSection
	GlobalSection(ExtensibilityGlobals) = postSolution
		SolutionGuid = {C9B2834F-9565-43CC-82A8-40713A7448F4}
	EndGlobalSection
EndGlobal
